// !$*UTF8*$!
{
	archiveVersion = 1;
	classes = {
	};
	objectVersion = 55;
	objects = {

/* Begin PBXBuildFile section */
		4439AC3D288FC632000CD1E2 /* Daredevil_AppApp.swift in Sources */ = {isa = PBXBuildFile; fileRef = 4439AC3C288FC632000CD1E2 /* Daredevil_AppApp.swift */; };
		4439AC3F288FC632000CD1E2 /* HomeView.swift in Sources */ = {isa = PBXBuildFile; fileRef = 4439AC3E288FC632000CD1E2 /* HomeView.swift */; };
		4439AC41288FC633000CD1E2 /* Assets.xcassets in Resources */ = {isa = PBXBuildFile; fileRef = 4439AC40288FC633000CD1E2 /* Assets.xcassets */; };
		4439AC44288FC633000CD1E2 /* Preview Assets.xcassets in Resources */ = {isa = PBXBuildFile; fileRef = 4439AC43288FC633000CD1E2 /* Preview Assets.xcassets */; };
		4439AC51288FD48E000CD1E2 /* FeaturedCharacterView.swift in Sources */ = {isa = PBXBuildFile; fileRef = 4439AC50288FD48E000CD1E2 /* FeaturedCharacterView.swift */; };
		4439AC56288FD64F000CD1E2 /* ComicsListView.swift in Sources */ = {isa = PBXBuildFile; fileRef = 4439AC55288FD64F000CD1E2 /* ComicsListView.swift */; };
		4439AC58288FD676000CD1E2 /* ComicStoresListView.swift in Sources */ = {isa = PBXBuildFile; fileRef = 4439AC57288FD676000CD1E2 /* ComicStoresListView.swift */; };
		447F84A22892741F002B3881 /* Comics.json in Resources */ = {isa = PBXBuildFile; fileRef = 447F84A12892741F002B3881 /* Comics.json */; };
		447F84A428927798002B3881 /* ComicDetail.swift in Sources */ = {isa = PBXBuildFile; fileRef = 447F84A328927798002B3881 /* ComicDetail.swift */; };
		447F84A628927F3D002B3881 /* ComicsModel.swift in Sources */ = {isa = PBXBuildFile; fileRef = 447F84A528927F3D002B3881 /* ComicsModel.swift */; };
		447F84A82892BD92002B3881 /* ComicsWriterPencilerView.swift in Sources */ = {isa = PBXBuildFile; fileRef = 447F84A72892BD92002B3881 /* ComicsWriterPencilerView.swift */; };
		447F84AA2892CD63002B3881 /* ComicListDetailView.swift in Sources */ = {isa = PBXBuildFile; fileRef = 447F84A92892CD63002B3881 /* ComicListDetailView.swift */; };
		44ADADE6288FE581003E3D3A /* Characters.json in Resources */ = {isa = PBXBuildFile; fileRef = 44ADADE5288FE581003E3D3A /* Characters.json */; };
		44ADADE8288FE6A5003E3D3A /* Character.swift in Sources */ = {isa = PBXBuildFile; fileRef = 44ADADE7288FE6A5003E3D3A /* Character.swift */; };
		44ADADEA288FE760003E3D3A /* CharactersModel.swift in Sources */ = {isa = PBXBuildFile; fileRef = 44ADADE9288FE760003E3D3A /* CharactersModel.swift */; };
		44B4A3CA2890EB5C00F6AD78 /* CharacterCardView.swift in Sources */ = {isa = PBXBuildFile; fileRef = 44B4A3C92890EB5C00F6AD78 /* CharacterCardView.swift */; };
		44E25BE628915EFA006FFE7F /* CharacterDetailView.swift in Sources */ = {isa = PBXBuildFile; fileRef = 44E25BE528915EFA006FFE7F /* CharacterDetailView.swift */; };
/* End PBXBuildFile section */

/* Begin PBXFileReference section */
		4439AC39288FC632000CD1E2 /* Daredevil App.app */ = {isa = PBXFileReference; explicitFileType = wrapper.application; includeInIndex = 0; path = "Daredevil App.app"; sourceTree = BUILT_PRODUCTS_DIR; };
		4439AC3C288FC632000CD1E2 /* Daredevil_AppApp.swift */ = {isa = PBXFileReference; lastKnownFileType = sourcecode.swift; path = Daredevil_AppApp.swift; sourceTree = "<group>"; };
		4439AC3E288FC632000CD1E2 /* HomeView.swift */ = {isa = PBXFileReference; lastKnownFileType = sourcecode.swift; path = HomeView.swift; sourceTree = "<group>"; };
		4439AC40288FC633000CD1E2 /* Assets.xcassets */ = {isa = PBXFileReference; lastKnownFileType = folder.assetcatalog; path = Assets.xcassets; sourceTree = "<group>"; };
		4439AC43288FC633000CD1E2 /* Preview Assets.xcassets */ = {isa = PBXFileReference; lastKnownFileType = folder.assetcatalog; path = "Preview Assets.xcassets"; sourceTree = "<group>"; };
		4439AC50288FD48E000CD1E2 /* FeaturedCharacterView.swift */ = {isa = PBXFileReference; lastKnownFileType = sourcecode.swift; path = FeaturedCharacterView.swift; sourceTree = "<group>"; };
		4439AC55288FD64F000CD1E2 /* ComicsListView.swift */ = {isa = PBXFileReference; lastKnownFileType = sourcecode.swift; path = ComicsListView.swift; sourceTree = "<group>"; };
		4439AC57288FD676000CD1E2 /* ComicStoresListView.swift */ = {isa = PBXFileReference; lastKnownFileType = sourcecode.swift; path = ComicStoresListView.swift; sourceTree = "<group>"; };
		447F84A12892741F002B3881 /* Comics.json */ = {isa = PBXFileReference; lastKnownFileType = text.json; path = Comics.json; sourceTree = "<group>"; };
		447F84A328927798002B3881 /* ComicDetail.swift */ = {isa = PBXFileReference; lastKnownFileType = sourcecode.swift; path = ComicDetail.swift; sourceTree = "<group>"; };
		447F84A528927F3D002B3881 /* ComicsModel.swift */ = {isa = PBXFileReference; lastKnownFileType = sourcecode.swift; path = ComicsModel.swift; sourceTree = "<group>"; };
		447F84A72892BD92002B3881 /* ComicsWriterPencilerView.swift */ = {isa = PBXFileReference; lastKnownFileType = sourcecode.swift; path = ComicsWriterPencilerView.swift; sourceTree = "<group>"; };
		447F84A92892CD63002B3881 /* ComicListDetailView.swift */ = {isa = PBXFileReference; lastKnownFileType = sourcecode.swift; path = ComicListDetailView.swift; sourceTree = "<group>"; };
		44ADADE5288FE581003E3D3A /* Characters.json */ = {isa = PBXFileReference; lastKnownFileType = text.json; path = Characters.json; sourceTree = "<group>"; };
		44ADADE7288FE6A5003E3D3A /* Character.swift */ = {isa = PBXFileReference; lastKnownFileType = sourcecode.swift; path = Character.swift; sourceTree = "<group>"; };
		44ADADE9288FE760003E3D3A /* CharactersModel.swift */ = {isa = PBXFileReference; lastKnownFileType = sourcecode.swift; path = CharactersModel.swift; sourceTree = "<group>"; };
		44ADADEE288FF3C2003E3D3A /* Daredevil-App-Info.plist */ = {isa = PBXFileReference; lastKnownFileType = text.plist; path = "Daredevil-App-Info.plist"; sourceTree = SOURCE_ROOT; };
		44B4A3C92890EB5C00F6AD78 /* CharacterCardView.swift */ = {isa = PBXFileReference; lastKnownFileType = sourcecode.swift; path = CharacterCardView.swift; sourceTree = "<group>"; };
		44E25BE528915EFA006FFE7F /* CharacterDetailView.swift */ = {isa = PBXFileReference; lastKnownFileType = sourcecode.swift; path = CharacterDetailView.swift; sourceTree = "<group>"; };
/* End PBXFileReference section */

/* Begin PBXFrameworksBuildPhase section */
		4439AC36288FC632000CD1E2 /* Frameworks */ = {
			isa = PBXFrameworksBuildPhase;
			buildActionMask = 2147483647;
			files = (
			);
			runOnlyForDeploymentPostprocessing = 0;
		};
/* End PBXFrameworksBuildPhase section */

/* Begin PBXGroup section */
		4439AC30288FC632000CD1E2 = {
			isa = PBXGroup;
			children = (
				4439AC3B288FC632000CD1E2 /* Daredevil App */,
				4439AC3A288FC632000CD1E2 /* Products */,
			);
			sourceTree = "<group>";
		};
		4439AC3A288FC632000CD1E2 /* Products */ = {
			isa = PBXGroup;
			children = (
				4439AC39288FC632000CD1E2 /* Daredevil App.app */,
			);
			name = Products;
			sourceTree = "<group>";
		};
		4439AC3B288FC632000CD1E2 /* Daredevil App */ = {
			isa = PBXGroup;
			children = (
				44ADADEE288FF3C2003E3D3A /* Daredevil-App-Info.plist */,
				4439AC4D288FC66D000CD1E2 /* Resources */,
				4439AC4C288FC668000CD1E2 /* Models */,
				4439AC4B288FC662000CD1E2 /* Views */,
				4439AC4A288FC659000CD1E2 /* ViewModels */,
				4439AC3C288FC632000CD1E2 /* Daredevil_AppApp.swift */,
				4439AC40288FC633000CD1E2 /* Assets.xcassets */,
				4439AC42288FC633000CD1E2 /* Preview Content */,
			);
			path = "Daredevil App";
			sourceTree = "<group>";
		};
		4439AC42288FC633000CD1E2 /* Preview Content */ = {
			isa = PBXGroup;
			children = (
				4439AC43288FC633000CD1E2 /* Preview Assets.xcassets */,
			);
			path = "Preview Content";
			sourceTree = "<group>";
		};
		4439AC4A288FC659000CD1E2 /* ViewModels */ = {
			isa = PBXGroup;
			children = (
				44ADADE9288FE760003E3D3A /* CharactersModel.swift */,
				447F84A528927F3D002B3881 /* ComicsModel.swift */,
			);
			path = ViewModels;
			sourceTree = "<group>";
		};
		4439AC4B288FC662000CD1E2 /* Views */ = {
			isa = PBXGroup;
			children = (
				4439AC54288FD624000CD1E2 /* ComicStores */,
				4439AC53288FD61A000CD1E2 /* Comics */,
				4439AC52288FD612000CD1E2 /* FeaturedCharacters */,
				4439AC3E288FC632000CD1E2 /* HomeView.swift */,
			);
			path = Views;
			sourceTree = "<group>";
		};
		4439AC4C288FC668000CD1E2 /* Models */ = {
			isa = PBXGroup;
			children = (
				44ADADE7288FE6A5003E3D3A /* Character.swift */,
				447F84A328927798002B3881 /* ComicDetail.swift */,
			);
			path = Models;
			sourceTree = "<group>";
		};
		4439AC4D288FC66D000CD1E2 /* Resources */ = {
			isa = PBXGroup;
			children = (
				44ADADE5288FE581003E3D3A /* Characters.json */,
				447F84A12892741F002B3881 /* Comics.json */,
			);
			path = Resources;
			sourceTree = "<group>";
		};
		4439AC52288FD612000CD1E2 /* FeaturedCharacters */ = {
			isa = PBXGroup;
			children = (
				4439AC50288FD48E000CD1E2 /* FeaturedCharacterView.swift */,
				44B4A3C92890EB5C00F6AD78 /* CharacterCardView.swift */,
				44E25BE528915EFA006FFE7F /* CharacterDetailView.swift */,
			);
			path = FeaturedCharacters;
			sourceTree = "<group>";
		};
		4439AC53288FD61A000CD1E2 /* Comics */ = {
			isa = PBXGroup;
			children = (
				4439AC55288FD64F000CD1E2 /* ComicsListView.swift */,
				447F84A72892BD92002B3881 /* ComicsWriterPencilerView.swift */,
				447F84A92892CD63002B3881 /* ComicListDetailView.swift */,
			);
			path = Comics;
			sourceTree = "<group>";
		};
		4439AC54288FD624000CD1E2 /* ComicStores */ = {
			isa = PBXGroup;
			children = (
				4439AC57288FD676000CD1E2 /* ComicStoresListView.swift */,
			);
			path = ComicStores;
			sourceTree = "<group>";
		};
/* End PBXGroup section */

/* Begin PBXNativeTarget section */
		4439AC38288FC632000CD1E2 /* Daredevil App */ = {
			isa = PBXNativeTarget;
			buildConfigurationList = 4439AC47288FC633000CD1E2 /* Build configuration list for PBXNativeTarget "Daredevil App" */;
			buildPhases = (
				4439AC35288FC632000CD1E2 /* Sources */,
				4439AC36288FC632000CD1E2 /* Frameworks */,
				4439AC37288FC632000CD1E2 /* Resources */,
			);
			buildRules = (
			);
			dependencies = (
			);
			name = "Daredevil App";
			productName = "Daredevil App";
			productReference = 4439AC39288FC632000CD1E2 /* Daredevil App.app */;
			productType = "com.apple.product-type.application";
		};
/* End PBXNativeTarget section */

/* Begin PBXProject section */
		4439AC31288FC632000CD1E2 /* Project object */ = {
			isa = PBXProject;
			attributes = {
				BuildIndependentTargetsInParallel = 1;
				LastSwiftUpdateCheck = 1340;
				LastUpgradeCheck = 1340;
				TargetAttributes = {
					4439AC38288FC632000CD1E2 = {
						CreatedOnToolsVersion = 13.4.1;
					};
				};
			};
			buildConfigurationList = 4439AC34288FC632000CD1E2 /* Build configuration list for PBXProject "Daredevil App" */;
			compatibilityVersion = "Xcode 13.0";
			developmentRegion = en;
			hasScannedForEncodings = 0;
			knownRegions = (
				en,
				Base,
			);
			mainGroup = 4439AC30288FC632000CD1E2;
			productRefGroup = 4439AC3A288FC632000CD1E2 /* Products */;
			projectDirPath = "";
			projectRoot = "";
			targets = (
				4439AC38288FC632000CD1E2 /* Daredevil App */,
			);
		};
/* End PBXProject section */

/* Begin PBXResourcesBuildPhase section */
		4439AC37288FC632000CD1E2 /* Resources */ = {
			isa = PBXResourcesBuildPhase;
			buildActionMask = 2147483647;
			files = (
				44ADADE6288FE581003E3D3A /* Characters.json in Resources */,
				447F84A22892741F002B3881 /* Comics.json in Resources */,
				4439AC44288FC633000CD1E2 /* Preview Assets.xcassets in Resources */,
				4439AC41288FC633000CD1E2 /* Assets.xcassets in Resources */,
			);
			runOnlyForDeploymentPostprocessing = 0;
		};
/* End PBXResourcesBuildPhase section */

/* Begin PBXSourcesBuildPhase section */
		4439AC35288FC632000CD1E2 /* Sources */ = {
			isa = PBXSourcesBuildPhase;
			buildActionMask = 2147483647;
			files = (
				44E25BE628915EFA006FFE7F /* CharacterDetailView.swift in Sources */,
				447F84A82892BD92002B3881 /* ComicsWriterPencilerView.swift in Sources */,
				447F84A628927F3D002B3881 /* ComicsModel.swift in Sources */,
				4439AC56288FD64F000CD1E2 /* ComicsListView.swift in Sources */,
				4439AC3F288FC632000CD1E2 /* HomeView.swift in Sources */,
				44ADADEA288FE760003E3D3A /* CharactersModel.swift in Sources */,
				447F84AA2892CD63002B3881 /* ComicListDetailView.swift in Sources */,
				4439AC51288FD48E000CD1E2 /* FeaturedCharacterView.swift in Sources */,
				447F84A428927798002B3881 /* ComicDetail.swift in Sources */,
				44B4A3CA2890EB5C00F6AD78 /* CharacterCardView.swift in Sources */,
				44ADADE8288FE6A5003E3D3A /* Character.swift in Sources */,
				4439AC58288FD676000CD1E2 /* ComicStoresListView.swift in Sources */,
				4439AC3D288FC632000CD1E2 /* Daredevil_AppApp.swift in Sources */,
			);
			runOnlyForDeploymentPostprocessing = 0;
		};
/* End PBXSourcesBuildPhase section */

/* Begin XCBuildConfiguration section */
		4439AC45288FC633000CD1E2 /* Debug */ = {
			isa = XCBuildConfiguration;
			buildSettings = {
				ALWAYS_SEARCH_USER_PATHS = NO;
				CLANG_ANALYZER_NONNULL = YES;
				CLANG_ANALYZER_NUMBER_OBJECT_CONVERSION = YES_AGGRESSIVE;
				CLANG_CXX_LANGUAGE_STANDARD = "gnu++17";
				CLANG_ENABLE_MODULES = YES;
				CLANG_ENABLE_OBJC_ARC = YES;
				CLANG_ENABLE_OBJC_WEAK = YES;
				CLANG_WARN_BLOCK_CAPTURE_AUTORELEASING = YES;
				CLANG_WARN_BOOL_CONVERSION = YES;
				CLANG_WARN_COMMA = YES;
				CLANG_WARN_CONSTANT_CONVERSION = YES;
				CLANG_WARN_DEPRECATED_OBJC_IMPLEMENTATIONS = YES;
				CLANG_WARN_DIRECT_OBJC_ISA_USAGE = YES_ERROR;
				CLANG_WARN_DOCUMENTATION_COMMENTS = YES;
				CLANG_WARN_EMPTY_BODY = YES;
				CLANG_WARN_ENUM_CONVERSION = YES;
				CLANG_WARN_INFINITE_RECURSION = YES;
				CLANG_WARN_INT_CONVERSION = YES;
				CLANG_WARN_NON_LITERAL_NULL_CONVERSION = YES;
				CLANG_WARN_OBJC_IMPLICIT_RETAIN_SELF = YES;
				CLANG_WARN_OBJC_LITERAL_CONVERSION = YES;
				CLANG_WARN_OBJC_ROOT_CLASS = YES_ERROR;
				CLANG_WARN_QUOTED_INCLUDE_IN_FRAMEWORK_HEADER = YES;
				CLANG_WARN_RANGE_LOOP_ANALYSIS = YES;
				CLANG_WARN_STRICT_PROTOTYPES = YES;
				CLANG_WARN_SUSPICIOUS_MOVE = YES;
				CLANG_WARN_UNGUARDED_AVAILABILITY = YES_AGGRESSIVE;
				CLANG_WARN_UNREACHABLE_CODE = YES;
				CLANG_WARN__DUPLICATE_METHOD_MATCH = YES;
				COPY_PHASE_STRIP = NO;
				DEBUG_INFORMATION_FORMAT = dwarf;
				ENABLE_STRICT_OBJC_MSGSEND = YES;
				ENABLE_TESTABILITY = YES;
				GCC_C_LANGUAGE_STANDARD = gnu11;
				GCC_DYNAMIC_NO_PIC = NO;
				GCC_NO_COMMON_BLOCKS = YES;
				GCC_OPTIMIZATION_LEVEL = 0;
				GCC_PREPROCESSOR_DEFINITIONS = (
					"DEBUG=1",
					"$(inherited)",
				);
				GCC_WARN_64_TO_32_BIT_CONVERSION = YES;
				GCC_WARN_ABOUT_RETURN_TYPE = YES_ERROR;
				GCC_WARN_UNDECLARED_SELECTOR = YES;
				GCC_WARN_UNINITIALIZED_AUTOS = YES_AGGRESSIVE;
				GCC_WARN_UNUSED_FUNCTION = YES;
				GCC_WARN_UNUSED_VARIABLE = YES;
				IPHONEOS_DEPLOYMENT_TARGET = 15.5;
				MTL_ENABLE_DEBUG_INFO = INCLUDE_SOURCE;
				MTL_FAST_MATH = YES;
				ONLY_ACTIVE_ARCH = YES;
				SDKROOT = iphoneos;
				SWIFT_ACTIVE_COMPILATION_CONDITIONS = DEBUG;
				SWIFT_OPTIMIZATION_LEVEL = "-Onone";
			};
			name = Debug;
		};
		4439AC46288FC633000CD1E2 /* Release */ = {
			isa = XCBuildConfiguration;
			buildSettings = {
				ALWAYS_SEARCH_USER_PATHS = NO;
				CLANG_ANALYZER_NONNULL = YES;
				CLANG_ANALYZER_NUMBER_OBJECT_CONVERSION = YES_AGGRESSIVE;
				CLANG_CXX_LANGUAGE_STANDARD = "gnu++17";
				CLANG_ENABLE_MODULES = YES;
				CLANG_ENABLE_OBJC_ARC = YES;
				CLANG_ENABLE_OBJC_WEAK = YES;
				CLANG_WARN_BLOCK_CAPTURE_AUTORELEASING = YES;
				CLANG_WARN_BOOL_CONVERSION = YES;
				CLANG_WARN_COMMA = YES;
				CLANG_WARN_CONSTANT_CONVERSION = YES;
				CLANG_WARN_DEPRECATED_OBJC_IMPLEMENTATIONS = YES;
				CLANG_WARN_DIRECT_OBJC_ISA_USAGE = YES_ERROR;
				CLANG_WARN_DOCUMENTATION_COMMENTS = YES;
				CLANG_WARN_EMPTY_BODY = YES;
				CLANG_WARN_ENUM_CONVERSION = YES;
				CLANG_WARN_INFINITE_RECURSION = YES;
				CLANG_WARN_INT_CONVERSION = YES;
				CLANG_WARN_NON_LITERAL_NULL_CONVERSION = YES;
				CLANG_WARN_OBJC_IMPLICIT_RETAIN_SELF = YES;
				CLANG_WARN_OBJC_LITERAL_CONVERSION = YES;
				CLANG_WARN_OBJC_ROOT_CLASS = YES_ERROR;
				CLANG_WARN_QUOTED_INCLUDE_IN_FRAMEWORK_HEADER = YES;
				CLANG_WARN_RANGE_LOOP_ANALYSIS = YES;
				CLANG_WARN_STRICT_PROTOTYPES = YES;
				CLANG_WARN_SUSPICIOUS_MOVE = YES;
				CLANG_WARN_UNGUARDED_AVAILABILITY = YES_AGGRESSIVE;
				CLANG_WARN_UNREACHABLE_CODE = YES;
				CLANG_WARN__DUPLICATE_METHOD_MATCH = YES;
				COPY_PHASE_STRIP = NO;
				DEBUG_INFORMATION_FORMAT = "dwarf-with-dsym";
				ENABLE_NS_ASSERTIONS = NO;
				ENABLE_STRICT_OBJC_MSGSEND = YES;
				GCC_C_LANGUAGE_STANDARD = gnu11;
				GCC_NO_COMMON_BLOCKS = YES;
				GCC_WARN_64_TO_32_BIT_CONVERSION = YES;
				GCC_WARN_ABOUT_RETURN_TYPE = YES_ERROR;
				GCC_WARN_UNDECLARED_SELECTOR = YES;
				GCC_WARN_UNINITIALIZED_AUTOS = YES_AGGRESSIVE;
				GCC_WARN_UNUSED_FUNCTION = YES;
				GCC_WARN_UNUSED_VARIABLE = YES;
				IPHONEOS_DEPLOYMENT_TARGET = 15.5;
				MTL_ENABLE_DEBUG_INFO = NO;
				MTL_FAST_MATH = YES;
				SDKROOT = iphoneos;
				SWIFT_COMPILATION_MODE = wholemodule;
				SWIFT_OPTIMIZATION_LEVEL = "-O";
				VALIDATE_PRODUCT = YES;
			};
			name = Release;
		};
		4439AC48288FC633000CD1E2 /* Debug */ = {
			isa = XCBuildConfiguration;
			buildSettings = {
				ASSETCATALOG_COMPILER_APPICON_NAME = AppIcon;
				ASSETCATALOG_COMPILER_GLOBAL_ACCENT_COLOR_NAME = AccentColor;
				CODE_SIGN_STYLE = Automatic;
				CURRENT_PROJECT_VERSION = 1;
				DEVELOPMENT_ASSET_PATHS = "\"Daredevil App/Preview Content\"";
				ENABLE_PREVIEWS = YES;
				GENERATE_INFOPLIST_FILE = YES;
				INFOPLIST_FILE = "Daredevil-App-Info.plist";
				INFOPLIST_KEY_UIApplicationSceneManifest_Generation = YES;
				INFOPLIST_KEY_UIApplicationSupportsIndirectInputEvents = YES;
				INFOPLIST_KEY_UILaunchScreen_Generation = YES;
				INFOPLIST_KEY_UISupportedInterfaceOrientations_iPad = "UIInterfaceOrientationPortrait UIInterfaceOrientationPortraitUpsideDown UIInterfaceOrientationLandscapeLeft UIInterfaceOrientationLandscapeRight";
				INFOPLIST_KEY_UISupportedInterfaceOrientations_iPhone = "UIInterfaceOrientationPortrait UIInterfaceOrientationLandscapeLeft UIInterfaceOrientationLandscapeRight";
				LD_RUNPATH_SEARCH_PATHS = (
					"$(inherited)",
					"@executable_path/Frameworks",
				);
				MARKETING_VERSION = 1.0;
				PRODUCT_BUNDLE_IDENTIFIER = "huyne.Daredevil-App";
				PRODUCT_NAME = "$(TARGET_NAME)";
				SWIFT_EMIT_LOC_STRINGS = YES;
				SWIFT_VERSION = 5.0;
				TARGETED_DEVICE_FAMILY = "1,2";
			};
			name = Debug;
		};
		4439AC49288FC633000CD1E2 /* Release */ = {
			isa = XCBuildConfiguration;
			buildSettings = {
				ASSETCATALOG_COMPILER_APPICON_NAME = AppIcon;
				ASSETCATALOG_COMPILER_GLOBAL_ACCENT_COLOR_NAME = AccentColor;
				CODE_SIGN_STYLE = Automatic;
				CURRENT_PROJECT_VERSION = 1;
				DEVELOPMENT_ASSET_PATHS = "\"Daredevil App/Preview Content\"";
				ENABLE_PREVIEWS = YES;
				GENERATE_INFOPLIST_FILE = YES;
				INFOPLIST_FILE = "Daredevil-App-Info.plist";
				INFOPLIST_KEY_UIApplicationSceneManifest_Generation = YES;
				INFOPLIST_KEY_UIApplicationSupportsIndirectInputEvents = YES;
				INFOPLIST_KEY_UILaunchScreen_Generation = YES;
				INFOPLIST_KEY_UISupportedInterfaceOrientations_iPad = "UIInterfaceOrientationPortrait UIInterfaceOrientationPortraitUpsideDown UIInterfaceOrientationLandscapeLeft UIInterfaceOrientationLandscapeRight";
				INFOPLIST_KEY_UISupportedInterfaceOrientations_iPhone = "UIInterfaceOrientationPortrait UIInterfaceOrientationLandscapeLeft UIInterfaceOrientationLandscapeRight";
				LD_RUNPATH_SEARCH_PATHS = (
					"$(inherited)",
					"@executable_path/Frameworks",
				);
				MARKETING_VERSION = 1.0;
				PRODUCT_BUNDLE_IDENTIFIER = "huyne.Daredevil-App";
				PRODUCT_NAME = "$(TARGET_NAME)";
				SWIFT_EMIT_LOC_STRINGS = YES;
				SWIFT_VERSION = 5.0;
				TARGETED_DEVICE_FAMILY = "1,2";
			};
			name = Release;
		};
/* End XCBuildConfiguration section */

/* Begin XCConfigurationList section */
		4439AC34288FC632000CD1E2 /* Build configuration list for PBXProject "Daredevil App" */ = {
			isa = XCConfigurationList;
			buildConfigurations = (
				4439AC45288FC633000CD1E2 /* Debug */,
				4439AC46288FC633000CD1E2 /* Release */,
			);
			defaultConfigurationIsVisible = 0;
			defaultConfigurationName = Release;
		};
		4439AC47288FC633000CD1E2 /* Build configuration list for PBXNativeTarget "Daredevil App" */ = {
			isa = XCConfigurationList;
			buildConfigurations = (
				4439AC48288FC633000CD1E2 /* Debug */,
				4439AC49288FC633000CD1E2 /* Release */,
			);
			defaultConfigurationIsVisible = 0;
			defaultConfigurationName = Release;
		};
/* End XCConfigurationList section */
	};
	rootObject = 4439AC31288FC632000CD1E2 /* Project object */;
}
